
Microsoft Visual Studio Solution File, Format Version 12.00
# Visual Studio Version 17
VisualStudioVersion = 17.3.32929.385
MinimumVisualStudioVersion = 10.0.40219.1
Project("{FAE04EC0-301F-11D3-BF4B-00C04F79EFBC}") = "Shyfr", "Shyfr.csproj", "{5623D352-81E2-4E6A-820B-714478E1EBD6}"
EndProject
Global
	GlobalSection(SolutionConfigurationPlatforms) = preSolution
		Debug|Any CPU = Debug|Any CPU
		Release|Any CPU = Release|Any CPU
	EndGlobalSection
	GlobalSection(ProjectConfigurationPlatforms) = postSolution
		{5623D352-81E2-4E6A-820B-714478E1EBD6}.Debug|Any CPU.ActiveCfg = Debug|Any CPU
		{5623D352-81E2-4E6A-820B-714478E1EBD6}.Debug|Any CPU.Build.0 = Debug|Any CPU
		{5623D352-81E2-4E6A-820B-714478E1EBD6}.Release|Any CPU.ActiveCfg = Release|Any CPU
		{5623D352-81E2-4E6A-820B-714478E1EBD6}.Release|Any CPU.Build.0 = Release|Any CPU
	EndGlobalSection
	GlobalSection(SolutionProperties) = preSolution
		HideSolutionNode = FALSE
	EndGlobalSection
	GlobalSection(ExtensibilityGlobals) = postSolution
		SolutionGuid = {B822B573-35F8-4ECA-B90F-C280A2989546}
	EndGlobalSection
EndGlobal
